
Microsoft Visual Studio Solution File, Format Version 12.00
# Visual Studio Version 17
VisualStudioVersion = 17.14.37111.16 d17.14
MinimumVisualStudioVersion = 10.0.40219.1
Project("{FAE04EC0-301F-11D3-BF4B-00C04F79EFBC}") = "TechStoreAPI", "TechStoreAPI\TechStoreAPI.csproj", "{E24BDDBC-6274-4D8E-8C29-9FFF277555A7}"
EndProject
Project("{FAE04EC0-301F-11D3-BF4B-00C04F79EFBC}") = "TechStore.Service", "TechStore.Service\TechStore.Service.csproj", "{9E6DE997-6173-4305-AB8C-F2F4978C6EF0}"
EndProject
Project("{FAE04EC0-301F-11D3-BF4B-00C04F79EFBC}") = "TechStore.Repository", "TechStore.Repository\TechStore.Repository.csproj", "{826FDB0B-72C4-4336-B2F6-788709BB5A67}"
EndProject
Project("{FAE04EC0-301F-11D3-BF4B-00C04F79EFBC}") = "TechStore.Domain", "TechStore.Domain\TechStore.Domain.csproj", "{5633BD81-B124-40DF-AA95-84F6EA94498B}"
EndProject
Global
	GlobalSection(SolutionConfigurationPlatforms) = preSolution
		Debug|Any CPU = Debug|Any CPU
		Release|Any CPU = Release|Any CPU
	EndGlobalSection
	GlobalSection(ProjectConfigurationPlatforms) = postSolution
		{E24BDDBC-6274-4D8E-8C29-9FFF277555A7}.Debug|Any CPU.ActiveCfg = Debug|Any CPU
		{E24BDDBC-6274-4D8E-8C29-9FFF277555A7}.Debug|Any CPU.Build.0 = Debug|Any CPU
		{E24BDDBC-6274-4D8E-8C29-9FFF277555A7}.Release|Any CPU.ActiveCfg = Release|Any CPU
		{E24BDDBC-6274-4D8E-8C29-9FFF277555A7}.Release|Any CPU.Build.0 = Release|Any CPU
		{9E6DE997-6173-4305-AB8C-F2F4978C6EF0}.Debug|Any CPU.ActiveCfg = Debug|Any CPU
		{9E6DE997-6173-4305-AB8C-F2F4978C6EF0}.Debug|Any CPU.Build.0 = Debug|Any CPU
		{9E6DE997-6173-4305-AB8C-F2F4978C6EF0}.Release|Any CPU.ActiveCfg = Release|Any CPU
		{9E6DE997-6173-4305-AB8C-F2F4978C6EF0}.Release|Any CPU.Build.0 = Release|Any CPU
		{826FDB0B-72C4-4336-B2F6-788709BB5A67}.Debug|Any CPU.ActiveCfg = Debug|Any CPU
		{826FDB0B-72C4-4336-B2F6-788709BB5A67}.Debug|Any CPU.Build.0 = Debug|Any CPU
		{826FDB0B-72C4-4336-B2F6-788709BB5A67}.Release|Any CPU.ActiveCfg = Release|Any CPU
		{826FDB0B-72C4-4336-B2F6-788709BB5A67}.Release|Any CPU.Build.0 = Release|Any CPU
		{5633BD81-B124-40DF-AA95-84F6EA94498B}.Debug|Any CPU.ActiveCfg = Debug|Any CPU
		{5633BD81-B124-40DF-AA95-84F6EA94498B}.Debug|Any CPU.Build.0 = Debug|Any CPU
		{5633BD81-B124-40DF-AA95-84F6EA94498B}.Release|Any CPU.ActiveCfg = Release|Any CPU
		{5633BD81-B124-40DF-AA95-84F6EA94498B}.Release|Any CPU.Build.0 = Release|Any CPU
	EndGlobalSection
	GlobalSection(SolutionProperties) = preSolution
		HideSolutionNode = FALSE
	EndGlobalSection
	GlobalSection(ExtensibilityGlobals) = postSolution
		SolutionGuid = {B0113667-2B2A-414D-8D93-9B2D4788274A}
	EndGlobalSection
EndGlobal
